<Solution>
  <Folder Name="/src/">
    <Project Path="src/Ritocode.Api/Ritocode.Api.csproj" />
    <Project Path="src/Ritocode.ContentTool/Ritocode.ContentTool.csproj" />
    <Project Path="src/Ritocode.DbMigrator/Ritocode.DbMigrator.csproj" />
    <Project Path="src/Ritocode.Shared/Ritocode.Shared.csproj" />
  </Folder>
  <Folder Name="/src/Modules/">
    <Project Path="src/Modules/Ritocode.Modules.Auth/Ritocode.Modules.Auth.csproj" />
    <Project Path="src/Modules/Ritocode.Modules.Content/Ritocode.Modules.Content.csproj" />
    <Project Path="src/Modules/Ritocode.Modules.Users/Ritocode.Modules.Users.csproj" />
  </Folder>
  <Folder Name="/tests/">
    <Project Path="tests/Ritocode.Api.Tests/Ritocode.Api.Tests.csproj" />
    <Project Path="tests/Ritocode.Architecture.Tests/Ritocode.Architecture.Tests.csproj" />
    <Project Path="tests/Ritocode.Modules.Content.Tests/Ritocode.Modules.Content.Tests.csproj" />
    <Project Path="tests/Ritocode.Shared.Tests/Ritocode.Shared.Tests.csproj" />
    <Project Path="tests/Ritocode.TestSupport/Ritocode.TestSupport.csproj" />
  </Folder>
</Solution>
